// !$*UTF8*$!
{
	archiveVersion = 1;
	classes = {
	};
	objectVersion = 56;
	objects = {

/* Begin PBXBuildFile section */
		F7CD16322BD50AE600D8DA40 /* AppDelegate.swift in Sources */ = {isa = PBXBuildFile; fileRef = F7CD16312BD50AE600D8DA40 /* AppDelegate.swift */; };
		F7CD16342BD50AE600D8DA40 /* SceneDelegate.swift in Sources */ = {isa = PBXBuildFile; fileRef = F7CD16332BD50AE600D8DA40 /* SceneDelegate.swift */; };
		F7CD16362BD50AE600D8DA40 /* MainTabBarViewController.swift in Sources */ = {isa = PBXBuildFile; fileRef = F7CD16352BD50AE600D8DA40 /* MainTabBarViewController.swift */; };
		F7CD163B2BD50AE700D8DA40 /* Assets.xcassets in Resources */ = {isa = PBXBuildFile; fileRef = F7CD163A2BD50AE700D8DA40 /* Assets.xcassets */; };
		F7CD163E2BD50AE700D8DA40 /* Base in Resources */ = {isa = PBXBuildFile; fileRef = F7CD163D2BD50AE700D8DA40 /* Base */; };
		F7CD16482BD50E7000D8DA40 /* HomeViewController.swift in Sources */ = {isa = PBXBuildFile; fileRef = F7CD16472BD50E7000D8DA40 /* HomeViewController.swift */; };
		F7CD164A2BD50E9C00D8DA40 /* UpcomingViewController.swift in Sources */ = {isa = PBXBuildFile; fileRef = F7CD16492BD50E9C00D8DA40 /* UpcomingViewController.swift */; };
		F7CD164C2BD50EBD00D8DA40 /* SearchViewController.swift in Sources */ = {isa = PBXBuildFile; fileRef = F7CD164B2BD50EBD00D8DA40 /* SearchViewController.swift */; };
		F7CD164E2BD50F0F00D8DA40 /* DownloadsViewController.swift in Sources */ = {isa = PBXBuildFile; fileRef = F7CD164D2BD50F0F00D8DA40 /* DownloadsViewController.swift */; };
		F7CD16592BD520EC00D8DA40 /* CollectionViewTableViewCell.swift in Sources */ = {isa = PBXBuildFile; fileRef = F7CD16582BD520EC00D8DA40 /* CollectionViewTableViewCell.swift */; };
		F7CD165B2BD52A7A00D8DA40 /* HeroHeaderUIView.swift in Sources */ = {isa = PBXBuildFile; fileRef = F7CD165A2BD52A7A00D8DA40 /* HeroHeaderUIView.swift */; };
		F7CD165D2BD52C1800D8DA40 /* NetworkManager.swift in Sources */ = {isa = PBXBuildFile; fileRef = F7CD165C2BD52C1800D8DA40 /* NetworkManager.swift */; };
		F7CD165F2BD52CAC00D8DA40 /* Movie.swift in Sources */ = {isa = PBXBuildFile; fileRef = F7CD165E2BD52CAC00D8DA40 /* Movie.swift */; };
		F7CD16612BD58FDF00D8DA40 /* Extensions.swift in Sources */ = {isa = PBXBuildFile; fileRef = F7CD16602BD58FDF00D8DA40 /* Extensions.swift */; };
/* End PBXBuildFile section */

/* Begin PBXFileReference section */
		F7CD162E2BD50AE600D8DA40 /* Netflix UIKit.app */ = {isa = PBXFileReference; explicitFileType = wrapper.application; includeInIndex = 0; path = "Netflix UIKit.app"; sourceTree = BUILT_PRODUCTS_DIR; };
		F7CD16312BD50AE600D8DA40 /* AppDelegate.swift */ = {isa = PBXFileReference; lastKnownFileType = sourcecode.swift; path = AppDelegate.swift; sourceTree = "<group>"; };
		F7CD16332BD50AE600D8DA40 /* SceneDelegate.swift */ = {isa = PBXFileReference; lastKnownFileType = sourcecode.swift; path = SceneDelegate.swift; sourceTree = "<group>"; };
		F7CD16352BD50AE600D8DA40 /* MainTabBarViewController.swift */ = {isa = PBXFileReference; lastKnownFileType = sourcecode.swift; path = MainTabBarViewController.swift; sourceTree = "<group>"; };
		F7CD163A2BD50AE700D8DA40 /* Assets.xcassets */ = {isa = PBXFileReference; lastKnownFileType = folder.assetcatalog; path = Assets.xcassets; sourceTree = "<group>"; };
		F7CD163D2BD50AE700D8DA40 /* Base */ = {isa = PBXFileReference; lastKnownFileType = file.storyboard; name = Base; path = Base.lproj/LaunchScreen.storyboard; sourceTree = "<group>"; };
		F7CD163F2BD50AE700D8DA40 /* Info.plist */ = {isa = PBXFileReference; lastKnownFileType = text.plist.xml; path = Info.plist; sourceTree = "<group>"; };
		F7CD16472BD50E7000D8DA40 /* HomeViewController.swift */ = {isa = PBXFileReference; lastKnownFileType = sourcecode.swift; path = HomeViewController.swift; sourceTree = "<group>"; };
		F7CD16492BD50E9C00D8DA40 /* UpcomingViewController.swift */ = {isa = PBXFileReference; lastKnownFileType = sourcecode.swift; path = UpcomingViewController.swift; sourceTree = "<group>"; };
		F7CD164B2BD50EBD00D8DA40 /* SearchViewController.swift */ = {isa = PBXFileReference; lastKnownFileType = sourcecode.swift; path = SearchViewController.swift; sourceTree = "<group>"; };
		F7CD164D2BD50F0F00D8DA40 /* DownloadsViewController.swift */ = {isa = PBXFileReference; lastKnownFileType = sourcecode.swift; path = DownloadsViewController.swift; sourceTree = "<group>"; };
		F7CD16582BD520EC00D8DA40 /* CollectionViewTableViewCell.swift */ = {isa = PBXFileReference; lastKnownFileType = sourcecode.swift; path = CollectionViewTableViewCell.swift; sourceTree = "<group>"; };
		F7CD165A2BD52A7A00D8DA40 /* HeroHeaderUIView.swift */ = {isa = PBXFileReference; lastKnownFileType = sourcecode.swift; path = HeroHeaderUIView.swift; sourceTree = "<group>"; };
		F7CD165C2BD52C1800D8DA40 /* NetworkManager.swift */ = {isa = PBXFileReference; lastKnownFileType = sourcecode.swift; path = NetworkManager.swift; sourceTree = "<group>"; };
		F7CD165E2BD52CAC00D8DA40 /* Movie.swift */ = {isa = PBXFileReference; lastKnownFileType = sourcecode.swift; path = Movie.swift; sourceTree = "<group>"; };
		F7CD16602BD58FDF00D8DA40 /* Extensions.swift */ = {isa = PBXFileReference; lastKnownFileType = sourcecode.swift; path = Extensions.swift; sourceTree = "<group>"; };
/* End PBXFileReference section */

/* Begin PBXFrameworksBuildPhase section */
		F7CD162B2BD50AE600D8DA40 /* Frameworks */ = {
			isa = PBXFrameworksBuildPhase;
			buildActionMask = 2147483647;
			files = (
			);
			runOnlyForDeploymentPostprocessing = 0;
		};
/* End PBXFrameworksBuildPhase section */

/* Begin PBXGroup section */
		F7CD16252BD50AE600D8DA40 = {
			isa = PBXGroup;
			children = (
				F7CD16302BD50AE600D8DA40 /* Netflix UIKit */,
				F7CD162F2BD50AE600D8DA40 /* Products */,
			);
			sourceTree = "<group>";
		};
		F7CD162F2BD50AE600D8DA40 /* Products */ = {
			isa = PBXGroup;
			children = (
				F7CD162E2BD50AE600D8DA40 /* Netflix UIKit.app */,
			);
			name = Products;
			sourceTree = "<group>";
		};
		F7CD16302BD50AE600D8DA40 /* Netflix UIKit */ = {
			isa = PBXGroup;
			children = (
				F7CD16542BD51FE100D8DA40 /* Managers */,
				F7CD16532BD51FD800D8DA40 /* Resources */,
				F7CD16522BD51F9A00D8DA40 /* Models */,
				F7CD16502BD51F8200D8DA40 /* Views */,
				F7CD16512BD51F8900D8DA40 /* ViewModels */,
				F7CD16452BD50DA000D8DA40 /* ViewControllers */,
				F7CD16462BD50E2000D8DA40 /* App */,
				F7CD163A2BD50AE700D8DA40 /* Assets.xcassets */,
				F7CD163C2BD50AE700D8DA40 /* LaunchScreen.storyboard */,
			);
			path = "Netflix UIKit";
			sourceTree = "<group>";
		};
		F7CD16452BD50DA000D8DA40 /* ViewControllers */ = {
			isa = PBXGroup;
			children = (
				F7CD16352BD50AE600D8DA40 /* MainTabBarViewController.swift */,
				F7CD164F2BD519AE00D8DA40 /* Controllers */,
			);
			path = ViewControllers;
			sourceTree = "<group>";
		};
		F7CD16462BD50E2000D8DA40 /* App */ = {
			isa = PBXGroup;
			children = (
				F7CD16312BD50AE600D8DA40 /* AppDelegate.swift */,
				F7CD16332BD50AE600D8DA40 /* SceneDelegate.swift */,
				F7CD163F2BD50AE700D8DA40 /* Info.plist */,
			);
			path = App;
			sourceTree = "<group>";
		};
		F7CD164F2BD519AE00D8DA40 /* Controllers */ = {
			isa = PBXGroup;
			children = (
				F7CD16472BD50E7000D8DA40 /* HomeViewController.swift */,
				F7CD16492BD50E9C00D8DA40 /* UpcomingViewController.swift */,
				F7CD164B2BD50EBD00D8DA40 /* SearchViewController.swift */,
				F7CD164D2BD50F0F00D8DA40 /* DownloadsViewController.swift */,
			);
			path = Controllers;
			sourceTree = "<group>";
		};
		F7CD16502BD51F8200D8DA40 /* Views */ = {
			isa = PBXGroup;
			children = (
				F7CD16582BD520EC00D8DA40 /* CollectionViewTableViewCell.swift */,
				F7CD165A2BD52A7A00D8DA40 /* HeroHeaderUIView.swift */,
			);
			path = Views;
			sourceTree = "<group>";
		};
		F7CD16512BD51F8900D8DA40 /* ViewModels */ = {
			isa = PBXGroup;
			children = (
			);
			path = ViewModels;
			sourceTree = "<group>";
		};
		F7CD16522BD51F9A00D8DA40 /* Models */ = {
			isa = PBXGroup;
			children = (
				F7CD165E2BD52CAC00D8DA40 /* Movie.swift */,
			);
			path = Models;
			sourceTree = "<group>";
		};
		F7CD16532BD51FD800D8DA40 /* Resources */ = {
			isa = PBXGroup;
			children = (
				F7CD16602BD58FDF00D8DA40 /* Extensions.swift */,
			);
			path = Resources;
			sourceTree = "<group>";
		};
		F7CD16542BD51FE100D8DA40 /* Managers */ = {
			isa = PBXGroup;
			children = (
				F7CD165C2BD52C1800D8DA40 /* NetworkManager.swift */,
			);
			path = Managers;
			sourceTree = "<group>";
		};
/* End PBXGroup section */

/* Begin PBXNativeTarget section */
		F7CD162D2BD50AE600D8DA40 /* Netflix UIKit */ = {
			isa = PBXNativeTarget;
			buildConfigurationList = F7CD16422BD50AE700D8DA40 /* Build configuration list for PBXNativeTarget "Netflix UIKit" */;
			buildPhases = (
				F7CD162A2BD50AE600D8DA40 /* Sources */,
				F7CD162B2BD50AE600D8DA40 /* Frameworks */,
				F7CD162C2BD50AE600D8DA40 /* Resources */,
			);
			buildRules = (
			);
			dependencies = (
			);
			name = "Netflix UIKit";
			productName = "Netflix UIKit";
			productReference = F7CD162E2BD50AE600D8DA40 /* Netflix UIKit.app */;
			productType = "com.apple.product-type.application";
		};
/* End PBXNativeTarget section */

/* Begin PBXProject section */
		F7CD16262BD50AE600D8DA40 /* Project object */ = {
			isa = PBXProject;
			attributes = {
				BuildIndependentTargetsInParallel = 1;
				LastSwiftUpdateCheck = 1530;
				LastUpgradeCheck = 1530;
				TargetAttributes = {
					F7CD162D2BD50AE600D8DA40 = {
						CreatedOnToolsVersion = 15.3;
					};
				};
			};
			buildConfigurationList = F7CD16292BD50AE600D8DA40 /* Build configuration list for PBXProject "Netflix UIKit" */;
			compatibilityVersion = "Xcode 14.0";
			developmentRegion = en;
			hasScannedForEncodings = 0;
			knownRegions = (
				en,
				Base,
			);
			mainGroup = F7CD16252BD50AE600D8DA40;
			productRefGroup = F7CD162F2BD50AE600D8DA40 /* Products */;
			projectDirPath = "";
			projectRoot = "";
			targets = (
				F7CD162D2BD50AE600D8DA40 /* Netflix UIKit */,
			);
		};
/* End PBXProject section */

/* Begin PBXResourcesBuildPhase section */
		F7CD162C2BD50AE600D8DA40 /* Resources */ = {
			isa = PBXResourcesBuildPhase;
			buildActionMask = 2147483647;
			files = (
				F7CD163B2BD50AE700D8DA40 /* Assets.xcassets in Resources */,
				F7CD163E2BD50AE700D8DA40 /* Base in Resources */,
			);
			runOnlyForDeploymentPostprocessing = 0;
		};
/* End PBXResourcesBuildPhase section */

/* Begin PBXSourcesBuildPhase section */
		F7CD162A2BD50AE600D8DA40 /* Sources */ = {
			isa = PBXSourcesBuildPhase;
			buildActionMask = 2147483647;
			files = (
				F7CD164C2BD50EBD00D8DA40 /* SearchViewController.swift in Sources */,
				F7CD16362BD50AE600D8DA40 /* MainTabBarViewController.swift in Sources */,
				F7CD165F2BD52CAC00D8DA40 /* Movie.swift in Sources */,
				F7CD165D2BD52C1800D8DA40 /* NetworkManager.swift in Sources */,
				F7CD16592BD520EC00D8DA40 /* CollectionViewTableViewCell.swift in Sources */,
				F7CD165B2BD52A7A00D8DA40 /* HeroHeaderUIView.swift in Sources */,
				F7CD164E2BD50F0F00D8DA40 /* DownloadsViewController.swift in Sources */,
				F7CD16612BD58FDF00D8DA40 /* Extensions.swift in Sources */,
				F7CD16322BD50AE600D8DA40 /* AppDelegate.swift in Sources */,
				F7CD16342BD50AE600D8DA40 /* SceneDelegate.swift in Sources */,
				F7CD164A2BD50E9C00D8DA40 /* UpcomingViewController.swift in Sources */,
				F7CD16482BD50E7000D8DA40 /* HomeViewController.swift in Sources */,
			);
			runOnlyForDeploymentPostprocessing = 0;
		};
/* End PBXSourcesBuildPhase section */

/* Begin PBXVariantGroup section */
		F7CD163C2BD50AE700D8DA40 /* LaunchScreen.storyboard */ = {
			isa = PBXVariantGroup;
			children = (
				F7CD163D2BD50AE700D8DA40 /* Base */,
			);
			name = LaunchScreen.storyboard;
			sourceTree = "<group>";
		};
/* End PBXVariantGroup section */

/* Begin XCBuildConfiguration section */
		F7CD16402BD50AE700D8DA40 /* Debug */ = {
			isa = XCBuildConfiguration;
			buildSettings = {
				ALWAYS_SEARCH_USER_PATHS = NO;
				ASSETCATALOG_COMPILER_GENERATE_SWIFT_ASSET_SYMBOL_EXTENSIONS = YES;
				CLANG_ANALYZER_NONNULL = YES;
				CLANG_ANALYZER_NUMBER_OBJECT_CONVERSION = YES_AGGRESSIVE;
				CLANG_CXX_LANGUAGE_STANDARD = "gnu++20";
				CLANG_ENABLE_MODULES = YES;
				CLANG_ENABLE_OBJC_ARC = YES;
				CLANG_ENABLE_OBJC_WEAK = YES;
				CLANG_WARN_BLOCK_CAPTURE_AUTORELEASING = YES;
				CLANG_WARN_BOOL_CONVERSION = YES;
				CLANG_WARN_COMMA = YES;
				CLANG_WARN_CONSTANT_CONVERSION = YES;
				CLANG_WARN_DEPRECATED_OBJC_IMPLEMENTATIONS = YES;
				CLANG_WARN_DIRECT_OBJC_ISA_USAGE = YES_ERROR;
				CLANG_WARN_DOCUMENTATION_COMMENTS = YES;
				CLANG_WARN_EMPTY_BODY = YES;
				CLANG_WARN_ENUM_CONVERSION = YES;
				CLANG_WARN_INFINITE_RECURSION = YES;
				CLANG_WARN_INT_CONVERSION = YES;
				CLANG_WARN_NON_LITERAL_NULL_CONVERSION = YES;
				CLANG_WARN_OBJC_IMPLICIT_RETAIN_SELF = YES;
				CLANG_WARN_OBJC_LITERAL_CONVERSION = YES;
				CLANG_WARN_OBJC_ROOT_CLASS = YES_ERROR;
				CLANG_WARN_QUOTED_INCLUDE_IN_FRAMEWORK_HEADER = YES;
				CLANG_WARN_RANGE_LOOP_ANALYSIS = YES;
				CLANG_WARN_STRICT_PROTOTYPES = YES;
				CLANG_WARN_SUSPICIOUS_MOVE = YES;
				CLANG_WARN_UNGUARDED_AVAILABILITY = YES_AGGRESSIVE;
				CLANG_WARN_UNREACHABLE_CODE = YES;
				CLANG_WARN__DUPLICATE_METHOD_MATCH = YES;
				COPY_PHASE_STRIP = NO;
				DEBUG_INFORMATION_FORMAT = dwarf;
				ENABLE_STRICT_OBJC_MSGSEND = YES;
				ENABLE_TESTABILITY = YES;
				ENABLE_USER_SCRIPT_SANDBOXING = YES;
				GCC_C_LANGUAGE_STANDARD = gnu17;
				GCC_DYNAMIC_NO_PIC = NO;
				GCC_NO_COMMON_BLOCKS = YES;
				GCC_OPTIMIZATION_LEVEL = 0;
				GCC_PREPROCESSOR_DEFINITIONS = (
					"DEBUG=1",
					"$(inherited)",
				);
				GCC_WARN_64_TO_32_BIT_CONVERSION = YES;
				GCC_WARN_ABOUT_RETURN_TYPE = YES_ERROR;
				GCC_WARN_UNDECLARED_SELECTOR = YES;
				GCC_WARN_UNINITIALIZED_AUTOS = YES_AGGRESSIVE;
				GCC_WARN_UNUSED_FUNCTION = YES;
				GCC_WARN_UNUSED_VARIABLE = YES;
				IPHONEOS_DEPLOYMENT_TARGET = 17.4;
				LOCALIZATION_PREFERS_STRING_CATALOGS = YES;
				MTL_ENABLE_DEBUG_INFO = INCLUDE_SOURCE;
				MTL_FAST_MATH = YES;
				ONLY_ACTIVE_ARCH = YES;
				SDKROOT = iphoneos;
				SWIFT_ACTIVE_COMPILATION_CONDITIONS = "DEBUG $(inherited)";
				SWIFT_OPTIMIZATION_LEVEL = "-Onone";
			};
			name = Debug;
		};
		F7CD16412BD50AE700D8DA40 /* Release */ = {
			isa = XCBuildConfiguration;
			buildSettings = {
				ALWAYS_SEARCH_USER_PATHS = NO;
				ASSETCATALOG_COMPILER_GENERATE_SWIFT_ASSET_SYMBOL_EXTENSIONS = YES;
				CLANG_ANALYZER_NONNULL = YES;
				CLANG_ANALYZER_NUMBER_OBJECT_CONVERSION = YES_AGGRESSIVE;
				CLANG_CXX_LANGUAGE_STANDARD = "gnu++20";
				CLANG_ENABLE_MODULES = YES;
				CLANG_ENABLE_OBJC_ARC = YES;
				CLANG_ENABLE_OBJC_WEAK = YES;
				CLANG_WARN_BLOCK_CAPTURE_AUTORELEASING = YES;
				CLANG_WARN_BOOL_CONVERSION = YES;
				CLANG_WARN_COMMA = YES;
				CLANG_WARN_CONSTANT_CONVERSION = YES;
				CLANG_WARN_DEPRECATED_OBJC_IMPLEMENTATIONS = YES;
				CLANG_WARN_DIRECT_OBJC_ISA_USAGE = YES_ERROR;
				CLANG_WARN_DOCUMENTATION_COMMENTS = YES;
				CLANG_WARN_EMPTY_BODY = YES;
				CLANG_WARN_ENUM_CONVERSION = YES;
				CLANG_WARN_INFINITE_RECURSION = YES;
				CLANG_WARN_INT_CONVERSION = YES;
				CLANG_WARN_NON_LITERAL_NULL_CONVERSION = YES;
				CLANG_WARN_OBJC_IMPLICIT_RETAIN_SELF = YES;
				CLANG_WARN_OBJC_LITERAL_CONVERSION = YES;
				CLANG_WARN_OBJC_ROOT_CLASS = YES_ERROR;
				CLANG_WARN_QUOTED_INCLUDE_IN_FRAMEWORK_HEADER = YES;
				CLANG_WARN_RANGE_LOOP_ANALYSIS = YES;
				CLANG_WARN_STRICT_PROTOTYPES = YES;
				CLANG_WARN_SUSPICIOUS_MOVE = YES;
				CLANG_WARN_UNGUARDED_AVAILABILITY = YES_AGGRESSIVE;
				CLANG_WARN_UNREACHABLE_CODE = YES;
				CLANG_WARN__DUPLICATE_METHOD_MATCH = YES;
				COPY_PHASE_STRIP = NO;
				DEBUG_INFORMATION_FORMAT = "dwarf-with-dsym";
				ENABLE_NS_ASSERTIONS = NO;
				ENABLE_STRICT_OBJC_MSGSEND = YES;
				ENABLE_USER_SCRIPT_SANDBOXING = YES;
				GCC_C_LANGUAGE_STANDARD = gnu17;
				GCC_NO_COMMON_BLOCKS = YES;
				GCC_WARN_64_TO_32_BIT_CONVERSION = YES;
				GCC_WARN_ABOUT_RETURN_TYPE = YES_ERROR;
				GCC_WARN_UNDECLARED_SELECTOR = YES;
				GCC_WARN_UNINITIALIZED_AUTOS = YES_AGGRESSIVE;
				GCC_WARN_UNUSED_FUNCTION = YES;
				GCC_WARN_UNUSED_VARIABLE = YES;
				IPHONEOS_DEPLOYMENT_TARGET = 17.4;
				LOCALIZATION_PREFERS_STRING_CATALOGS = YES;
				MTL_ENABLE_DEBUG_INFO = NO;
				MTL_FAST_MATH = YES;
				SDKROOT = iphoneos;
				SWIFT_COMPILATION_MODE = wholemodule;
				VALIDATE_PRODUCT = YES;
			};
			name = Release;
		};
		F7CD16432BD50AE700D8DA40 /* Debug */ = {
			isa = XCBuildConfiguration;
			buildSettings = {
				ASSETCATALOG_COMPILER_APPICON_NAME = AppIcon;
				ASSETCATALOG_COMPILER_GLOBAL_ACCENT_COLOR_NAME = AccentColor;
				CODE_SIGN_STYLE = Automatic;
				CURRENT_PROJECT_VERSION = 1;
				DEVELOPMENT_TEAM = 5HNRLGK7M5;
				GENERATE_INFOPLIST_FILE = YES;
				INFOPLIST_FILE = "Netflix UIKit/App/Info.plist";
				INFOPLIST_KEY_UIApplicationSupportsIndirectInputEvents = YES;
				INFOPLIST_KEY_UILaunchStoryboardName = LaunchScreen;
				INFOPLIST_KEY_UISupportedInterfaceOrientations = UIInterfaceOrientationPortrait;
				INFOPLIST_KEY_UISupportedInterfaceOrientations_iPad = "UIInterfaceOrientationLandscapeLeft UIInterfaceOrientationLandscapeRight UIInterfaceOrientationPortrait UIInterfaceOrientationPortraitUpsideDown";
				LD_RUNPATH_SEARCH_PATHS = (
					"$(inherited)",
					"@executable_path/Frameworks",
				);
				MARKETING_VERSION = 1.0;
				PRODUCT_BUNDLE_IDENTIFIER = "AbloginEgor.Netflix-UIKit";
				PRODUCT_NAME = "$(TARGET_NAME)";
				SUPPORTED_PLATFORMS = "iphoneos iphonesimulator";
				SUPPORTS_MACCATALYST = NO;
				SUPPORTS_MAC_DESIGNED_FOR_IPHONE_IPAD = NO;
				SUPPORTS_XR_DESIGNED_FOR_IPHONE_IPAD = NO;
				SWIFT_EMIT_LOC_STRINGS = YES;
				SWIFT_VERSION = 5.0;
				TARGETED_DEVICE_FAMILY = 1;
			};
			name = Debug;
		};
		F7CD16442BD50AE700D8DA40 /* Release */ = {
			isa = XCBuildConfiguration;
			buildSettings = {
				ASSETCATALOG_COMPILER_APPICON_NAME = AppIcon;
				ASSETCATALOG_COMPILER_GLOBAL_ACCENT_COLOR_NAME = AccentColor;
				CODE_SIGN_STYLE = Automatic;
				CURRENT_PROJECT_VERSION = 1;
				DEVELOPMENT_TEAM = 5HNRLGK7M5;
				GENERATE_INFOPLIST_FILE = YES;
				INFOPLIST_FILE = "Netflix UIKit/App/Info.plist";
				INFOPLIST_KEY_UIApplicationSupportsIndirectInputEvents = YES;
				INFOPLIST_KEY_UILaunchStoryboardName = LaunchScreen;
				INFOPLIST_KEY_UISupportedInterfaceOrientations = UIInterfaceOrientationPortrait;
				INFOPLIST_KEY_UISupportedInterfaceOrientations_iPad = "UIInterfaceOrientationLandscapeLeft UIInterfaceOrientationLandscapeRight UIInterfaceOrientationPortrait UIInterfaceOrientationPortraitUpsideDown";
				LD_RUNPATH_SEARCH_PATHS = (
					"$(inherited)",
					"@executable_path/Frameworks",
				);
				MARKETING_VERSION = 1.0;
				PRODUCT_BUNDLE_IDENTIFIER = "AbloginEgor.Netflix-UIKit";
				PRODUCT_NAME = "$(TARGET_NAME)";
				SUPPORTED_PLATFORMS = "iphoneos iphonesimulator";
				SUPPORTS_MACCATALYST = NO;
				SUPPORTS_MAC_DESIGNED_FOR_IPHONE_IPAD = NO;
				SUPPORTS_XR_DESIGNED_FOR_IPHONE_IPAD = NO;
				SWIFT_EMIT_LOC_STRINGS = YES;
				SWIFT_VERSION = 5.0;
				TARGETED_DEVICE_FAMILY = 1;
			};
			name = Release;
		};
/* End XCBuildConfiguration section */

/* Begin XCConfigurationList section */
		F7CD16292BD50AE600D8DA40 /* Build configuration list for PBXProject "Netflix UIKit" */ = {
			isa = XCConfigurationList;
			buildConfigurations = (
				F7CD16402BD50AE700D8DA40 /* Debug */,
				F7CD16412BD50AE700D8DA40 /* Release */,
			);
			defaultConfigurationIsVisible = 0;
			defaultConfigurationName = Release;
		};
		F7CD16422BD50AE700D8DA40 /* Build configuration list for PBXNativeTarget "Netflix UIKit" */ = {
			isa = XCConfigurationList;
			buildConfigurations = (
				F7CD16432BD50AE700D8DA40 /* Debug */,
				F7CD16442BD50AE700D8DA40 /* Release */,
			);
			defaultConfigurationIsVisible = 0;
			defaultConfigurationName = Release;
		};
/* End XCConfigurationList section */
	};
	rootObject = F7CD16262BD50AE600D8DA40 /* Project object */;
}
